
Microsoft Visual Studio Solution File, Format Version 11.00
# Visual Studio 2010
Project("{FAE04EC0-301F-11D3-BF4B-00C04F79EFBC}") = "SaveCopier", "SaveCopier\SaveCopier.csproj", "{FE5517EF-1B28-4322-B606-D6D4D16D1340}"
EndProject
Project("{FAE04EC0-301F-11D3-BF4B-00C04F79EFBC}") = "SaveManager", "SaveManager\SaveManager.csproj", "{1E450AE5-165E-464A-899B-A73C9A9498D4}"
EndProject
Project("{FAE04EC0-301F-11D3-BF4B-00C04F79EFBC}") = "GameButton", "GameButton\GameButton.csproj", "{C9347149-736E-4B17-AB10-35C14A36FFD3}"
EndProject
Global
	GlobalSection(SolutionConfigurationPlatforms) = preSolution
		Debug|Any CPU = Debug|Any CPU
		Release|Any CPU = Release|Any CPU
	EndGlobalSection
	GlobalSection(ProjectConfigurationPlatforms) = postSolution
		{FE5517EF-1B28-4322-B606-D6D4D16D1340}.Debug|Any CPU.ActiveCfg = Debug|Any CPU
		{FE5517EF-1B28-4322-B606-D6D4D16D1340}.Debug|Any CPU.Build.0 = Debug|Any CPU
		{FE5517EF-1B28-4322-B606-D6D4D16D1340}.Release|Any CPU.ActiveCfg = Release|Any CPU
		{FE5517EF-1B28-4322-B606-D6D4D16D1340}.Release|Any CPU.Build.0 = Release|Any CPU
		{1E450AE5-165E-464A-899B-A73C9A9498D4}.Debug|Any CPU.ActiveCfg = Debug|Any CPU
		{1E450AE5-165E-464A-899B-A73C9A9498D4}.Debug|Any CPU.Build.0 = Debug|Any CPU
		{1E450AE5-165E-464A-899B-A73C9A9498D4}.Release|Any CPU.ActiveCfg = Release|Any CPU
		{1E450AE5-165E-464A-899B-A73C9A9498D4}.Release|Any CPU.Build.0 = Release|Any CPU
		{C9347149-736E-4B17-AB10-35C14A36FFD3}.Debug|Any CPU.ActiveCfg = Debug|Any CPU
		{C9347149-736E-4B17-AB10-35C14A36FFD3}.Debug|Any CPU.Build.0 = Debug|Any CPU
		{C9347149-736E-4B17-AB10-35C14A36FFD3}.Release|Any CPU.ActiveCfg = Release|Any CPU
		{C9347149-736E-4B17-AB10-35C14A36FFD3}.Release|Any CPU.Build.0 = Release|Any CPU
	EndGlobalSection
	GlobalSection(SolutionProperties) = preSolution
		HideSolutionNode = FALSE
	EndGlobalSection
EndGlobal
